
Microsoft Visual Studio Solution File, Format Version 12.00
# Visual Studio 2017
Project("{FAE04EC0-301F-11D3-BF4B-00C04F79EFBC}") = "UI Exercise 4.2A", "UI Exercise 4.2A.csproj", "{16E9634B-E814-5D70-5930-FB936BE354C4}"
EndProject
Global
	GlobalSection(SolutionConfigurationPlatforms) = preSolution
		Debug|Any CPU = Debug|Any CPU
		Release|Any CPU = Release|Any CPU
	EndGlobalSection
	GlobalSection(ProjectConfigurationPlatforms) = postSolution
		{16E9634B-E814-5D70-5930-FB936BE354C4}.Debug|Any CPU.ActiveCfg = Debug|Any CPU
		{16E9634B-E814-5D70-5930-FB936BE354C4}.Debug|Any CPU.Build.0 = Debug|Any CPU
		{16E9634B-E814-5D70-5930-FB936BE354C4}.Release|Any CPU.ActiveCfg = Release|Any CPU
		{16E9634B-E814-5D70-5930-FB936BE354C4}.Release|Any CPU.Build.0 = Release|Any CPU
	EndGlobalSection
	GlobalSection(SolutionProperties) = preSolution
		HideSolutionNode = FALSE
	EndGlobalSection
EndGlobal
